
Microsoft Visual Studio Solution File, Format Version 12.00
# Visual Studio 2013
VisualStudioVersion = 12.0.31101.0
MinimumVisualStudioVersion = 10.0.40219.1
Project("{FAE04EC0-301F-11D3-BF4B-00C04F79EFBC}") = "BetterManeuvering", "BetterManeuvering\BetterManeuvering.csproj", "{4C6CB39B-5F4C-4201-A3E3-56E4F893D8C4}"
EndProject
Project("{FAE04EC0-301F-11D3-BF4B-00C04F79EFBC}") = "BetterManeuvering.Unity", "BetterManeuvering.Unity\BetterManeuvering.Unity.csproj", "{7A49A578-CA42-416F-AAAC-410771E13AE5}"
EndProject
Global
	GlobalSection(SolutionConfigurationPlatforms) = preSolution
		Debug|Any CPU = Debug|Any CPU
		Release|Any CPU = Release|Any CPU
	EndGlobalSection
	GlobalSection(ProjectConfigurationPlatforms) = postSolution
		{4C6CB39B-5F4C-4201-A3E3-56E4F893D8C4}.Debug|Any CPU.ActiveCfg = Debug|Any CPU
		{4C6CB39B-5F4C-4201-A3E3-56E4F893D8C4}.Debug|Any CPU.Build.0 = Debug|Any CPU
		{4C6CB39B-5F4C-4201-A3E3-56E4F893D8C4}.Release|Any CPU.ActiveCfg = Release|Any CPU
		{4C6CB39B-5F4C-4201-A3E3-56E4F893D8C4}.Release|Any CPU.Build.0 = Release|Any CPU
		{7A49A578-CA42-416F-AAAC-410771E13AE5}.Debug|Any CPU.ActiveCfg = Debug|Any CPU
		{7A49A578-CA42-416F-AAAC-410771E13AE5}.Debug|Any CPU.Build.0 = Debug|Any CPU
		{7A49A578-CA42-416F-AAAC-410771E13AE5}.Release|Any CPU.ActiveCfg = Release|Any CPU
		{7A49A578-CA42-416F-AAAC-410771E13AE5}.Release|Any CPU.Build.0 = Release|Any CPU
	EndGlobalSection
	GlobalSection(SolutionProperties) = preSolution
		HideSolutionNode = FALSE
	EndGlobalSection
EndGlobal
